// !$*UTF8*$!
{
	archiveVersion = 1;
	classes = {
	};
	objectVersion = 50;
	objects = {

/* Begin PBXBuildFile section */
		617CD972FBE43BF4AE0F5E95 /* Pods_SphereWorld.framework in Frameworks */ = {isa = PBXBuildFile; fileRef = 7940E2CD27403FD9DC77AF6E /* Pods_SphereWorld.framework */; };
		E3C7883724C7EAED00F5BB43 /* Assets.xcassets in Resources */ = {isa = PBXBuildFile; fileRef = E3C7883624C7EAED00F5BB43 /* Assets.xcassets */; };
		E3C7884824C7EB9C00F5BB43 /* MoonLike.tga in Resources */ = {isa = PBXBuildFile; fileRef = E3C7884424C7EB9B00F5BB43 /* MoonLike.tga */; };
		E3C7884924C7EB9C00F5BB43 /* Marslike.tga in Resources */ = {isa = PBXBuildFile; fileRef = E3C7884524C7EB9B00F5BB43 /* Marslike.tga */; };
		E3C7884A24C7EB9C00F5BB43 /* Marble.tga in Resources */ = {isa = PBXBuildFile; fileRef = E3C7884624C7EB9B00F5BB43 /* Marble.tga */; };
		E3C7884B24C7EB9C00F5BB43 /* main.cpp in Sources */ = {isa = PBXBuildFile; fileRef = E3C7884724C7EB9C00F5BB43 /* main.cpp */; };
/* End PBXBuildFile section */

/* Begin PBXFileReference section */
		4523438AFA3A3439059A7AD6 /* Pods-SphereWorld.release.xcconfig */ = {isa = PBXFileReference; includeInIndex = 1; lastKnownFileType = text.xcconfig; name = "Pods-SphereWorld.release.xcconfig"; path = "Target Support Files/Pods-SphereWorld/Pods-SphereWorld.release.xcconfig"; sourceTree = "<group>"; };
		6A6C2D2DEA20CD5D7F5744B1 /* Pods-SphereWorld.debug.xcconfig */ = {isa = PBXFileReference; includeInIndex = 1; lastKnownFileType = text.xcconfig; name = "Pods-SphereWorld.debug.xcconfig"; path = "Target Support Files/Pods-SphereWorld/Pods-SphereWorld.debug.xcconfig"; sourceTree = "<group>"; };
		7940E2CD27403FD9DC77AF6E /* Pods_SphereWorld.framework */ = {isa = PBXFileReference; explicitFileType = wrapper.framework; includeInIndex = 0; path = Pods_SphereWorld.framework; sourceTree = BUILT_PRODUCTS_DIR; };
		E3C7882D24C7EAE900F5BB43 /* SphereWorld.app */ = {isa = PBXFileReference; explicitFileType = wrapper.application; includeInIndex = 0; path = SphereWorld.app; sourceTree = BUILT_PRODUCTS_DIR; };
		E3C7883624C7EAED00F5BB43 /* Assets.xcassets */ = {isa = PBXFileReference; lastKnownFileType = folder.assetcatalog; path = Assets.xcassets; sourceTree = "<group>"; };
		E3C7883B24C7EAED00F5BB43 /* Info.plist */ = {isa = PBXFileReference; lastKnownFileType = text.plist.xml; path = Info.plist; sourceTree = "<group>"; };
		E3C7883E24C7EAED00F5BB43 /* SphereWorld.entitlements */ = {isa = PBXFileReference; lastKnownFileType = text.plist.entitlements; path = SphereWorld.entitlements; sourceTree = "<group>"; };
		E3C7884424C7EB9B00F5BB43 /* MoonLike.tga */ = {isa = PBXFileReference; lastKnownFileType = file; path = MoonLike.tga; sourceTree = "<group>"; };
		E3C7884524C7EB9B00F5BB43 /* Marslike.tga */ = {isa = PBXFileReference; lastKnownFileType = file; path = Marslike.tga; sourceTree = "<group>"; };
		E3C7884624C7EB9B00F5BB43 /* Marble.tga */ = {isa = PBXFileReference; lastKnownFileType = file; path = Marble.tga; sourceTree = "<group>"; };
		E3C7884724C7EB9C00F5BB43 /* main.cpp */ = {isa = PBXFileReference; fileEncoding = 4; lastKnownFileType = sourcecode.cpp.cpp; path = main.cpp; sourceTree = "<group>"; };
/* End PBXFileReference section */

/* Begin PBXFrameworksBuildPhase section */
		E3C7882A24C7EAE900F5BB43 /* Frameworks */ = {
			isa = PBXFrameworksBuildPhase;
			buildActionMask = 2147483647;
			files = (
				617CD972FBE43BF4AE0F5E95 /* Pods_SphereWorld.framework in Frameworks */,
			);
			runOnlyForDeploymentPostprocessing = 0;
		};
/* End PBXFrameworksBuildPhase section */

/* Begin PBXGroup section */
		4963074E7661B8FEDB0972AF /* Frameworks */ = {
			isa = PBXGroup;
			children = (
				7940E2CD27403FD9DC77AF6E /* Pods_SphereWorld.framework */,
			);
			name = Frameworks;
			sourceTree = "<group>";
		};
		E3C7882424C7EAE900F5BB43 = {
			isa = PBXGroup;
			children = (
				E3C7882F24C7EAE900F5BB43 /* SphereWorld */,
				E3C7882E24C7EAE900F5BB43 /* Products */,
				E9EBEB2095A86D673952BA03 /* Pods */,
				4963074E7661B8FEDB0972AF /* Frameworks */,
			);
			sourceTree = "<group>";
		};
		E3C7882E24C7EAE900F5BB43 /* Products */ = {
			isa = PBXGroup;
			children = (
				E3C7882D24C7EAE900F5BB43 /* SphereWorld.app */,
			);
			name = Products;
			sourceTree = "<group>";
		};
		E3C7882F24C7EAE900F5BB43 /* SphereWorld */ = {
			isa = PBXGroup;
			children = (
				E3C7883624C7EAED00F5BB43 /* Assets.xcassets */,
				E3C7883B24C7EAED00F5BB43 /* Info.plist */,
				E3C7884724C7EB9C00F5BB43 /* main.cpp */,
				E3C7884624C7EB9B00F5BB43 /* Marble.tga */,
				E3C7884524C7EB9B00F5BB43 /* Marslike.tga */,
				E3C7884424C7EB9B00F5BB43 /* MoonLike.tga */,
				E3C7883E24C7EAED00F5BB43 /* SphereWorld.entitlements */,
			);
			path = SphereWorld;
			sourceTree = "<group>";
		};
		E9EBEB2095A86D673952BA03 /* Pods */ = {
			isa = PBXGroup;
			children = (
				6A6C2D2DEA20CD5D7F5744B1 /* Pods-SphereWorld.debug.xcconfig */,
				4523438AFA3A3439059A7AD6 /* Pods-SphereWorld.release.xcconfig */,
			);
			path = Pods;
			sourceTree = "<group>";
		};
/* End PBXGroup section */

/* Begin PBXNativeTarget section */
		E3C7882C24C7EAE900F5BB43 /* SphereWorld */ = {
			isa = PBXNativeTarget;
			buildConfigurationList = E3C7884124C7EAED00F5BB43 /* Build configuration list for PBXNativeTarget "SphereWorld" */;
			buildPhases = (
				08A21C4C30586C03A48C4B9E /* [CP] Check Pods Manifest.lock */,
				E3C7882924C7EAE900F5BB43 /* Sources */,
				E3C7882A24C7EAE900F5BB43 /* Frameworks */,
				E3C7882B24C7EAE900F5BB43 /* Resources */,
			);
			buildRules = (
			);
			dependencies = (
			);
			name = SphereWorld;
			productName = SphereWorld;
			productReference = E3C7882D24C7EAE900F5BB43 /* SphereWorld.app */;
			productType = "com.apple.product-type.application";
		};
/* End PBXNativeTarget section */

/* Begin PBXProject section */
		E3C7882524C7EAE900F5BB43 /* Project object */ = {
			isa = PBXProject;
			attributes = {
				LastUpgradeCheck = 1150;
				ORGANIZATIONNAME = ls;
				TargetAttributes = {
					E3C7882C24C7EAE900F5BB43 = {
						CreatedOnToolsVersion = 11.5;
					};
				};
			};
			buildConfigurationList = E3C7882824C7EAE900F5BB43 /* Build configuration list for PBXProject "SphereWorld" */;
			compatibilityVersion = "Xcode 9.3";
			developmentRegion = en;
			hasScannedForEncodings = 0;
			knownRegions = (
				en,
				Base,
			);
			mainGroup = E3C7882424C7EAE900F5BB43;
			productRefGroup = E3C7882E24C7EAE900F5BB43 /* Products */;
			projectDirPath = "";
			projectRoot = "";
			targets = (
				E3C7882C24C7EAE900F5BB43 /* SphereWorld */,
			);
		};
/* End PBXProject section */

/* Begin PBXResourcesBuildPhase section */
		E3C7882B24C7EAE900F5BB43 /* Resources */ = {
			isa = PBXResourcesBuildPhase;
			buildActionMask = 2147483647;
			files = (
				E3C7884924C7EB9C00F5BB43 /* Marslike.tga in Resources */,
				E3C7884824C7EB9C00F5BB43 /* MoonLike.tga in Resources */,
				E3C7883724C7EAED00F5BB43 /* Assets.xcassets in Resources */,
				E3C7884A24C7EB9C00F5BB43 /* Marble.tga in Resources */,
			);
			runOnlyForDeploymentPostprocessing = 0;
		};
/* End PBXResourcesBuildPhase section */

/* Begin PBXShellScriptBuildPhase section */
		08A21C4C30586C03A48C4B9E /* [CP] Check Pods Manifest.lock */ = {
			isa = PBXShellScriptBuildPhase;
			buildActionMask = 2147483647;
			files = (
			);
			inputFileListPaths = (
			);
			inputPaths = (
				"${PODS_PODFILE_DIR_PATH}/Podfile.lock",
				"${PODS_ROOT}/Manifest.lock",
			);
			name = "[CP] Check Pods Manifest.lock";
			outputFileListPaths = (
			);
			outputPaths = (
				"$(DERIVED_FILE_DIR)/Pods-SphereWorld-checkManifestLockResult.txt",
			);
			runOnlyForDeploymentPostprocessing = 0;
			shellPath = /bin/sh;
			shellScript = "diff \"${PODS_PODFILE_DIR_PATH}/Podfile.lock\" \"${PODS_ROOT}/Manifest.lock\" > /dev/null\nif [ $? != 0 ] ; then\n    # print error to STDERR\n    echo \"error: The sandbox is not in sync with the Podfile.lock. Run 'pod install' or update your CocoaPods installation.\" >&2\n    exit 1\nfi\n# This output is used by Xcode 'outputs' to avoid re-running this script phase.\necho \"SUCCESS\" > \"${SCRIPT_OUTPUT_FILE_0}\"\n";
			showEnvVarsInLog = 0;
		};
/* End PBXShellScriptBuildPhase section */

/* Begin PBXSourcesBuildPhase section */
		E3C7882924C7EAE900F5BB43 /* Sources */ = {
			isa = PBXSourcesBuildPhase;
			buildActionMask = 2147483647;
			files = (
				E3C7884B24C7EB9C00F5BB43 /* main.cpp in Sources */,
			);
			runOnlyForDeploymentPostprocessing = 0;
		};
/* End PBXSourcesBuildPhase section */

/* Begin XCBuildConfiguration section */
		E3C7883F24C7EAED00F5BB43 /* Debug */ = {
			isa = XCBuildConfiguration;
			buildSettings = {
				ALWAYS_SEARCH_USER_PATHS = NO;
				CLANG_ANALYZER_NONNULL = YES;
				CLANG_ANALYZER_NUMBER_OBJECT_CONVERSION = YES_AGGRESSIVE;
				CLANG_CXX_LANGUAGE_STANDARD = "gnu++14";
				CLANG_CXX_LIBRARY = "libc++";
				CLANG_ENABLE_MODULES = YES;
				CLANG_ENABLE_OBJC_ARC = YES;
				CLANG_ENABLE_OBJC_WEAK = YES;
				CLANG_WARN_BLOCK_CAPTURE_AUTORELEASING = YES;
				CLANG_WARN_BOOL_CONVERSION = YES;
				CLANG_WARN_COMMA = YES;
				CLANG_WARN_CONSTANT_CONVERSION = YES;
				CLANG_WARN_DEPRECATED_OBJC_IMPLEMENTATIONS = YES;
				CLANG_WARN_DIRECT_OBJC_ISA_USAGE = YES_ERROR;
				CLANG_WARN_DOCUMENTATION_COMMENTS = YES;
				CLANG_WARN_EMPTY_BODY = YES;
				CLANG_WARN_ENUM_CONVERSION = YES;
				CLANG_WARN_INFINITE_RECURSION = YES;
				CLANG_WARN_INT_CONVERSION = YES;
				CLANG_WARN_NON_LITERAL_NULL_CONVERSION = YES;
				CLANG_WARN_OBJC_IMPLICIT_RETAIN_SELF = YES;
				CLANG_WARN_OBJC_LITERAL_CONVERSION = YES;
				CLANG_WARN_OBJC_ROOT_CLASS = YES_ERROR;
				CLANG_WARN_RANGE_LOOP_ANALYSIS = YES;
				CLANG_WARN_STRICT_PROTOTYPES = YES;
				CLANG_WARN_SUSPICIOUS_MOVE = YES;
				CLANG_WARN_UNGUARDED_AVAILABILITY = YES_AGGRESSIVE;
				CLANG_WARN_UNREACHABLE_CODE = YES;
				CLANG_WARN__DUPLICATE_METHOD_MATCH = YES;
				COPY_PHASE_STRIP = NO;
				DEBUG_INFORMATION_FORMAT = dwarf;
				ENABLE_STRICT_OBJC_MSGSEND = YES;
				ENABLE_TESTABILITY = YES;
				GCC_C_LANGUAGE_STANDARD = gnu11;
				GCC_DYNAMIC_NO_PIC = NO;
				GCC_NO_COMMON_BLOCKS = YES;
				GCC_OPTIMIZATION_LEVEL = 0;
				GCC_PREPROCESSOR_DEFINITIONS = (
					"DEBUG=1",
					"$(inherited)",
				);
				GCC_WARN_64_TO_32_BIT_CONVERSION = YES;
				GCC_WARN_ABOUT_RETURN_TYPE = YES_ERROR;
				GCC_WARN_UNDECLARED_SELECTOR = YES;
				GCC_WARN_UNINITIALIZED_AUTOS = YES_AGGRESSIVE;
				GCC_WARN_UNUSED_FUNCTION = YES;
				GCC_WARN_UNUSED_VARIABLE = YES;
				MACOSX_DEPLOYMENT_TARGET = 10.15;
				MTL_ENABLE_DEBUG_INFO = INCLUDE_SOURCE;
				MTL_FAST_MATH = YES;
				ONLY_ACTIVE_ARCH = YES;
				SDKROOT = macosx;
			};
			name = Debug;
		};
		E3C7884024C7EAED00F5BB43 /* Release */ = {
			isa = XCBuildConfiguration;
			buildSettings = {
				ALWAYS_SEARCH_USER_PATHS = NO;
				CLANG_ANALYZER_NONNULL = YES;
				CLANG_ANALYZER_NUMBER_OBJECT_CONVERSION = YES_AGGRESSIVE;
				CLANG_CXX_LANGUAGE_STANDARD = "gnu++14";
				CLANG_CXX_LIBRARY = "libc++";
				CLANG_ENABLE_MODULES = YES;
				CLANG_ENABLE_OBJC_ARC = YES;
				CLANG_ENABLE_OBJC_WEAK = YES;
				CLANG_WARN_BLOCK_CAPTURE_AUTORELEASING = YES;
				CLANG_WARN_BOOL_CONVERSION = YES;
				CLANG_WARN_COMMA = YES;
				CLANG_WARN_CONSTANT_CONVERSION = YES;
				CLANG_WARN_DEPRECATED_OBJC_IMPLEMENTATIONS = YES;
				CLANG_WARN_DIRECT_OBJC_ISA_USAGE = YES_ERROR;
				CLANG_WARN_DOCUMENTATION_COMMENTS = YES;
				CLANG_WARN_EMPTY_BODY = YES;
				CLANG_WARN_ENUM_CONVERSION = YES;
				CLANG_WARN_INFINITE_RECURSION = YES;
				CLANG_WARN_INT_CONVERSION = YES;
				CLANG_WARN_NON_LITERAL_NULL_CONVERSION = YES;
				CLANG_WARN_OBJC_IMPLICIT_RETAIN_SELF = YES;
				CLANG_WARN_OBJC_LITERAL_CONVERSION = YES;
				CLANG_WARN_OBJC_ROOT_CLASS = YES_ERROR;
				CLANG_WARN_RANGE_LOOP_ANALYSIS = YES;
				CLANG_WARN_STRICT_PROTOTYPES = YES;
				CLANG_WARN_SUSPICIOUS_MOVE = YES;
				CLANG_WARN_UNGUARDED_AVAILABILITY = YES_AGGRESSIVE;
				CLANG_WARN_UNREACHABLE_CODE = YES;
				CLANG_WARN__DUPLICATE_METHOD_MATCH = YES;
				COPY_PHASE_STRIP = NO;
				DEBUG_INFORMATION_FORMAT = "dwarf-with-dsym";
				ENABLE_NS_ASSERTIONS = NO;
				ENABLE_STRICT_OBJC_MSGSEND = YES;
				GCC_C_LANGUAGE_STANDARD = gnu11;
				GCC_NO_COMMON_BLOCKS = YES;
				GCC_WARN_64_TO_32_BIT_CONVERSION = YES;
				GCC_WARN_ABOUT_RETURN_TYPE = YES_ERROR;
				GCC_WARN_UNDECLARED_SELECTOR = YES;
				GCC_WARN_UNINITIALIZED_AUTOS = YES_AGGRESSIVE;
				GCC_WARN_UNUSED_FUNCTION = YES;
				GCC_WARN_UNUSED_VARIABLE = YES;
				MACOSX_DEPLOYMENT_TARGET = 10.15;
				MTL_ENABLE_DEBUG_INFO = NO;
				MTL_FAST_MATH = YES;
				SDKROOT = macosx;
			};
			name = Release;
		};
		E3C7884224C7EAED00F5BB43 /* Debug */ = {
			isa = XCBuildConfiguration;
			baseConfigurationReference = 6A6C2D2DEA20CD5D7F5744B1 /* Pods-SphereWorld.debug.xcconfig */;
			buildSettings = {
				ASSETCATALOG_COMPILER_APPICON_NAME = AppIcon;
				CODE_SIGN_ENTITLEMENTS = SphereWorld/SphereWorld.entitlements;
				CODE_SIGN_STYLE = Automatic;
				COMBINE_HIDPI_IMAGES = YES;
				INFOPLIST_FILE = SphereWorld/Info.plist;
				LD_RUNPATH_SEARCH_PATHS = (
					"$(inherited)",
					"@executable_path/../Frameworks",
				);
				PRODUCT_BUNDLE_IDENTIFIER = com.sl.SphereWorld;
				PRODUCT_NAME = "$(TARGET_NAME)";
			};
			name = Debug;
		};
		E3C7884324C7EAED00F5BB43 /* Release */ = {
			isa = XCBuildConfiguration;
			baseConfigurationReference = 4523438AFA3A3439059A7AD6 /* Pods-SphereWorld.release.xcconfig */;
			buildSettings = {
				ASSETCATALOG_COMPILER_APPICON_NAME = AppIcon;
				CODE_SIGN_ENTITLEMENTS = SphereWorld/SphereWorld.entitlements;
				CODE_SIGN_STYLE = Automatic;
				COMBINE_HIDPI_IMAGES = YES;
				INFOPLIST_FILE = SphereWorld/Info.plist;
				LD_RUNPATH_SEARCH_PATHS = (
					"$(inherited)",
					"@executable_path/../Frameworks",
				);
				PRODUCT_BUNDLE_IDENTIFIER = com.sl.SphereWorld;
				PRODUCT_NAME = "$(TARGET_NAME)";
			};
			name = Release;
		};
/* End XCBuildConfiguration section */

/* Begin XCConfigurationList section */
		E3C7882824C7EAE900F5BB43 /* Build configuration list for PBXProject "SphereWorld" */ = {
			isa = XCConfigurationList;
			buildConfigurations = (
				E3C7883F24C7EAED00F5BB43 /* Debug */,
				E3C7884024C7EAED00F5BB43 /* Release */,
			);
			defaultConfigurationIsVisible = 0;
			defaultConfigurationName = Release;
		};
		E3C7884124C7EAED00F5BB43 /* Build configuration list for PBXNativeTarget "SphereWorld" */ = {
			isa = XCConfigurationList;
			buildConfigurations = (
				E3C7884224C7EAED00F5BB43 /* Debug */,
				E3C7884324C7EAED00F5BB43 /* Release */,
			);
			defaultConfigurationIsVisible = 0;
			defaultConfigurationName = Release;
		};
/* End XCConfigurationList section */
	};
	rootObject = E3C7882524C7EAE900F5BB43 /* Project object */;
}
